Microsoft Visual Studio Solution File, Format Version 12.00
# Visual Studio Version 17
VisualStudioVersion = 17.5.2.0
MinimumVisualStudioVersion = 10.0.40219.1
Project("{2150E333-8FDC-42A3-9474-1A3956D46DE8}") = "Backend", "Backend", "{1AE8ACA6-933B-BF2A-3671-3E2EAC007D16}"
EndProject
Project("{FAE04EC0-301F-11D3-BF4B-00C04F79EFBC}") = "TiendaApi", "Backend\TiendaApi\TiendaApi.csproj", "{18802D31-B10B-BE45-47B3-24E666546B47}"
EndProject
Global
	GlobalSection(SolutionConfigurationPlatforms) = preSolution
		Debug|Any CPU = Debug|Any CPU
		Release|Any CPU = Release|Any CPU
	EndGlobalSection
	GlobalSection(ProjectConfigurationPlatforms) = postSolution
		{18802D31-B10B-BE45-47B3-24E666546B47}.Debug|Any CPU.ActiveCfg = Debug|Any CPU
		{18802D31-B10B-BE45-47B3-24E666546B47}.Debug|Any CPU.Build.0 = Debug|Any CPU
		{18802D31-B10B-BE45-47B3-24E666546B47}.Release|Any CPU.ActiveCfg = Release|Any CPU
		{18802D31-B10B-BE45-47B3-24E666546B47}.Release|Any CPU.Build.0 = Release|Any CPU
	EndGlobalSection
	GlobalSection(SolutionProperties) = preSolution
		HideSolutionNode = FALSE
	EndGlobalSection
	GlobalSection(NestedProjects) = preSolution
		{18802D31-B10B-BE45-47B3-24E666546B47} = {1AE8ACA6-933B-BF2A-3671-3E2EAC007D16}
	EndGlobalSection
	GlobalSection(ExtensibilityGlobals) = postSolution
		SolutionGuid = {2E20B628-2F28-4773-8422-DD2CEDC25A93}
	EndGlobalSection
EndGlobal
